{
  "originHash" : "e5cd73c9b82b7aa6d7b9ed020150d4005e6f9f3703370eb92dc08d1a5017d771",
  "pins" : [
    {
      "identity" : "numerology",
      "kind" : "remoteSourceControl",
      "location" : "https://github.com/rmit-ace/numerology",
      "state" : {
        "branch" : "main",
        "revision" : "1ab2d84192000ad57fe16ce8c9317806d7e0d29e"
      }
    }
  ],
  "version" : 3
}
