{
  "originHash" : "e5cd73c9b82b7aa6d7b9ed020150d4005e6f9f3703370eb92dc08d1a5017d771",
  "pins" : [
    {
      "identity" : "numerology",
      "kind" : "remoteSourceControl",
      "location" : "https://github.com/rmit-ace/numerology",
      "state" : {
        "branch" : "main",
        "revision" : "b526d8e9f7fd332e6d4c877f1d3faa24acdc6913"
      }
    }
  ],
  "version" : 3
}
